
Microsoft Visual Studio Solution File, Format Version 12.00
# Visual Studio Version 16
VisualStudioVersion = 16.0.30413.136
MinimumVisualStudioVersion = 10.0.40219.1
Project("{FAE04EC0-301F-11D3-BF4B-00C04F79EFBC}") = "Botti", "Botti\Botti.csproj", "{33F216FF-146D-4726-BA39-0444B28D8FA4}"
EndProject
Project("{9A19103F-16F7-4668-BE54-9A1E7A4F7556}") = "TasTool", "TasTool\TasTool.csproj", "{598F4C9D-2CB9-4BB0-9FB1-9888B1490590}"
EndProject
Project("{FAE04EC0-301F-11D3-BF4B-00C04F79EFBC}") = "TasUi", "TasUi\TasUi.csproj", "{35E695F9-A47C-4DFE-ADF5-737DABD6317E}"
EndProject
Global
	GlobalSection(SolutionConfigurationPlatforms) = preSolution
		Debug|Any CPU = Debug|Any CPU
		Release|Any CPU = Release|Any CPU
	EndGlobalSection
	GlobalSection(ProjectConfigurationPlatforms) = postSolution
		{33F216FF-146D-4726-BA39-0444B28D8FA4}.Debug|Any CPU.ActiveCfg = Debug|Any CPU
		{33F216FF-146D-4726-BA39-0444B28D8FA4}.Debug|Any CPU.Build.0 = Debug|Any CPU
		{33F216FF-146D-4726-BA39-0444B28D8FA4}.Release|Any CPU.ActiveCfg = Release|Any CPU
		{33F216FF-146D-4726-BA39-0444B28D8FA4}.Release|Any CPU.Build.0 = Release|Any CPU
		{598F4C9D-2CB9-4BB0-9FB1-9888B1490590}.Debug|Any CPU.ActiveCfg = Debug|Any CPU
		{598F4C9D-2CB9-4BB0-9FB1-9888B1490590}.Debug|Any CPU.Build.0 = Debug|Any CPU
		{598F4C9D-2CB9-4BB0-9FB1-9888B1490590}.Release|Any CPU.ActiveCfg = Release|Any CPU
		{598F4C9D-2CB9-4BB0-9FB1-9888B1490590}.Release|Any CPU.Build.0 = Release|Any CPU
		{35E695F9-A47C-4DFE-ADF5-737DABD6317E}.Debug|Any CPU.ActiveCfg = Debug|Any CPU
		{35E695F9-A47C-4DFE-ADF5-737DABD6317E}.Debug|Any CPU.Build.0 = Debug|Any CPU
		{35E695F9-A47C-4DFE-ADF5-737DABD6317E}.Release|Any CPU.ActiveCfg = Release|Any CPU
		{35E695F9-A47C-4DFE-ADF5-737DABD6317E}.Release|Any CPU.Build.0 = Release|Any CPU
	EndGlobalSection
	GlobalSection(SolutionProperties) = preSolution
		HideSolutionNode = FALSE
	EndGlobalSection
	GlobalSection(ExtensibilityGlobals) = postSolution
		SolutionGuid = {17374048-F1F8-4179-A18A-F6AECF9824C3}
	EndGlobalSection
EndGlobal
